
Microsoft Visual Studio Solution File, Format Version 12.00
# Visual Studio Version 18
VisualStudioVersion = 18.5.11723.231 stable
MinimumVisualStudioVersion = 10.0.40219.1
Project("{FAE04EC0-301F-11D3-BF4B-00C04F79EFBC}") = "SummerCoursesPortal", "SummerCoursesPortal.csproj", "{DD9ACCA2-7BBD-10E3-99D7-AF63D0AF8629}"
EndProject
Global
	GlobalSection(SolutionConfigurationPlatforms) = preSolution
		Debug|Any CPU = Debug|Any CPU
		Release|Any CPU = Release|Any CPU
	EndGlobalSection
	GlobalSection(ProjectConfigurationPlatforms) = postSolution
		{DD9ACCA2-7BBD-10E3-99D7-AF63D0AF8629}.Debug|Any CPU.ActiveCfg = Debug|Any CPU
		{DD9ACCA2-7BBD-10E3-99D7-AF63D0AF8629}.Debug|Any CPU.Build.0 = Debug|Any CPU
		{DD9ACCA2-7BBD-10E3-99D7-AF63D0AF8629}.Release|Any CPU.ActiveCfg = Release|Any CPU
		{DD9ACCA2-7BBD-10E3-99D7-AF63D0AF8629}.Release|Any CPU.Build.0 = Release|Any CPU
	EndGlobalSection
	GlobalSection(SolutionProperties) = preSolution
		HideSolutionNode = FALSE
	EndGlobalSection
	GlobalSection(ExtensibilityGlobals) = postSolution
		SolutionGuid = {3CB0609E-D0E6-47A0-8A81-BFA198BFB8A7}
	EndGlobalSection
EndGlobal
